PODS:
  - Alamofire (4.7.3)
  - Crashlytics (3.10.9):
    - Fabric (~> 1.7.13)
  - Fabric (1.7.13)
  - IQKeyboardManagerSwift (6.2.0)
  - JCore (1.2.2)
  - JPush (3.1.0):
    - JCore (~> 1.2.0)
  - Kanna (4.0.2)
  - Kingfisher (4.10.0)
  - MarkdownView (1.3.0)
  - "NSObject+Rx (4.4.1)":
    - RxSwift (~> 4.3)
  - PasswordExtension (4.2.1)
  - PKHUD (5.2.0)
  - PullToRefreshKit (0.8.2)
  - Reveal-SDK (14)
  - RxCocoa (4.3.1):
    - RxSwift (~> 4.0)
  - RxOptional (3.5.0):
    - RxCocoa (~> 4.0)
    - RxSwift (~> 4.0)
  - RxSwift (4.3.1)
  - SKPhotoBrowser (6.0.0)
  - SnapKit (4.0.1)
  - StatefulViewController (3.0)
  - SwiftMessages (6.0.0):
    - SwiftMessages/App (= 6.0.0)
  - SwiftMessages/App (6.0.0)
  - "UIView+Positioning (1.6)"
  - YYText (1.0.7)

DEPENDENCIES:
  - Alamofire
  - Crashlytics
  - Fabric
  - IQKeyboardManagerSwift
  - JPush
  - Kanna (~> 4.0.0)
  - Kingfisher
  - MarkdownView
  - "NSObject+Rx"
  - PasswordExtension
  - PKHUD
  - PullToRefreshKit (from `https://github.com/aidevjoe/PullToRefreshKit.git`)
  - Reveal-SDK (~> 14)
  - RxCocoa (~> 4.0)
  - RxOptional
  - RxSwift (~> 4.0)
  - SKPhotoBrowser
  - SnapKit
  - StatefulViewController
  - SwiftMessages
  - "UIView+Positioning"
  - YYText (from `https://github.com/aidevjoe/YYText`)

SPEC REPOS:
  https://github.com/cocoapods/specs.git:
    - Alamofire
    - Crashlytics
    - Fabric
    - IQKeyboardManagerSwift
    - JCore
    - JPush
    - Kanna
    - Kingfisher
    - MarkdownView
    - "NSObject+Rx"
    - PasswordExtension
    - PKHUD
    - Reveal-SDK
    - RxCocoa
    - RxOptional
    - RxSwift
    - SKPhotoBrowser
    - SnapKit
    - StatefulViewController
    - SwiftMessages
    - "UIView+Positioning"

EXTERNAL SOURCES:
  PullToRefreshKit:
    :git: https://github.com/aidevjoe/PullToRefreshKit.git
  YYText:
    :git: https://github.com/aidevjoe/YYText

CHECKOUT OPTIONS:
  PullToRefreshKit:
    :commit: b66ac2d183f4af9da897126f1927f9a0cee65339
    :git: https://github.com/aidevjoe/PullToRefreshKit.git
  YYText:
    :commit: 2fc81bb251bc36c7c7d016cb6ca3da0b44469e49
    :git: https://github.com/aidevjoe/YYText

SPEC CHECKSUMS:
  Alamofire: c7287b6e5d7da964a70935e5db17046b7fde6568
  Crashlytics: 55e24fc23989680285a21cb1146578d9d18e432c
  Fabric: 25d0963b691fc97be566392243ff0ecef5a68338
  IQKeyboardManagerSwift: b07ccf9d8cafe993dcd6cb794eb4ba34611a0c4e
  JCore: f14c0549968a63c22e246a4875aa9d428446f373
  JPush: 5921e25ad13e0386351079217b009f2039084eac
  Kanna: c60b61d72554bf04ed1ee074f9b379855cab4892
  Kingfisher: 43c4b802d8b5256cf1f4379e9cd10b329be6d3e2
  MarkdownView: 6cee6c558eed4a012005405066071ef16a042d17
  "NSObject+Rx": 9884a92f19b610795c431e10b4e601913b59c9e9
  PasswordExtension: cd45d17fc92e0defc5ee630795d916f453c6ba12
  PKHUD: dd5357ac65f26115c35c4a68e9b328053326c5fe
  PullToRefreshKit: 57bcedad80fbe081c410c6889a744fe8b53c98d7
  Reveal-SDK: 55b5c5545233b680c2f8da734f202acc15d422b7
  RxCocoa: 78763c7b07d02455598d9fc3c1ad091a28b73635
  RxOptional: bd32ff8ca9df4177683d56ffeb618a9d4d5d5cad
  RxSwift: fe0fd770a43acdb7d0a53da411c9b892e69bb6e4
  SKPhotoBrowser: 76eb862685761707b5745fde7762757966565e07
  SnapKit: 0de968a9fec17499afa29683b05d0c775b6d1c29
  StatefulViewController: 4803bf900d44de26074344998e10e041113b5931
  SwiftMessages: da7c981256a65b3e58022d9027a36584cf4eccf5
  "UIView+Positioning": 6e7236a429053ade11051fab7ff9053af36c77a8
  YYText: 5c461d709e24d55a182d1441c41dc639a18a4849

PODFILE CHECKSUM: 9bff0fa73859165e9adb604a16c8a50e35d1f60c

COCOAPODS: 1.5.3
