PODS:
  - Alamofire (4.9.1)
  - AppCenter (2.5.0):
    - AppCenter/Analytics (= 2.5.0)
    - AppCenter/Crashes (= 2.5.0)
  - AppCenter/Analytics (2.5.0):
    - AppCenter/Core
  - AppCenter/Core (2.5.0)
  - AppCenter/Crashes (2.5.0):
    - AppCenter/Core
  - DeviceKit (2.3.0)
  - IQKeyboardManagerSwift (6.5.2)
  - Kanna (5.0.0)
  - Kingfisher (4.10.1)
  - LookinServer (1.0.0)
  - MarkdownView (1.5.0)
  - "NSObject+Rx (4.4.1)":
    - RxSwift (~> 4.3)
  - PasswordExtension (4.2.1)
  - PKHUD (5.3.0)
  - PullToRefreshKit (0.8.8)
  - Reveal-SDK (20)
  - RxCocoa (4.5.0):
    - RxSwift (>= 4.4.2, ~> 4.4)
  - RxOptional (3.6.2):
    - RxCocoa (~> 4.0)
    - RxSwift (~> 4.0)
  - RxSwift (4.5.0)
  - SegementSlide (2.2.1)
  - SKPhotoBrowser (6.1.0)
  - SnapKit (4.2.0)
  - StatefulViewController (3.0)
  - SwiftMessages (7.0.1):
    - SwiftMessages/App (= 7.0.1)
  - SwiftMessages/App (7.0.1)
  - "UIView+Positioning (1.6)"
  - YYText (1.0.7)

DEPENDENCIES:
  - Alamofire
  - AppCenter
  - DeviceKit
  - IQKeyboardManagerSwift
  - Kanna
  - Kingfisher
  - LookinServer
  - MarkdownView
  - "NSObject+Rx"
  - PasswordExtension
  - PKHUD
  - PullToRefreshKit (from `https://github.com/aidevjoe/PullToRefreshKit.git`)
  - Reveal-SDK (~> 20)
  - RxCocoa (~> 4.0)
  - RxOptional
  - RxSwift (~> 4.0)
  - SegementSlide (from `https://github.com/aidevjoe/SegementSlide.git`)
  - SKPhotoBrowser
  - SnapKit
  - StatefulViewController
  - SwiftMessages
  - "UIView+Positioning"
  - YYText (from `https://github.com/aidevjoe/YYText`)

SPEC REPOS:
  trunk:
    - Alamofire
    - AppCenter
    - DeviceKit
    - IQKeyboardManagerSwift
    - Kanna
    - Kingfisher
    - LookinServer
    - MarkdownView
    - "NSObject+Rx"
    - PasswordExtension
    - PKHUD
    - Reveal-SDK
    - RxCocoa
    - RxOptional
    - RxSwift
    - SKPhotoBrowser
    - SnapKit
    - StatefulViewController
    - SwiftMessages
    - "UIView+Positioning"

EXTERNAL SOURCES:
  PullToRefreshKit:
    :git: https://github.com/aidevjoe/PullToRefreshKit.git
  SegementSlide:
    :git: https://github.com/aidevjoe/SegementSlide.git
  YYText:
    :git: https://github.com/aidevjoe/YYText

CHECKOUT OPTIONS:
  PullToRefreshKit:
    :commit: 7a081162cdca151b038e5a5f52eb520e02eb4f99
    :git: https://github.com/aidevjoe/PullToRefreshKit.git
  SegementSlide:
    :commit: 0ec7cd283dc2ea70e457401349ec2a86b8007b1f
    :git: https://github.com/aidevjoe/SegementSlide.git
  YYText:
    :commit: 04deccfd4da6ddbdfd281722a0d3e16e6fc2d04a
    :git: https://github.com/aidevjoe/YYText

SPEC CHECKSUMS:
  Alamofire: 85e8a02c69d6020a0d734f6054870d7ecb75cf18
  AppCenter: 637f180deefc61e8ab3f94223869ee50f61dabea
  DeviceKit: da103891aa928d89f64ea8dd8aca738c5f3d8ac0
  IQKeyboardManagerSwift: c75366f1f19590e8caeae45fcd5815c9289d6099
  Kanna: a32875df62975f8f4b871e933b4ea1a5c3b8be0f
  Kingfisher: c148cd7b47ebde9989f6bc7c27dcaa79d81279a0
  LookinServer: 0002891cd3cec5e082a910e897dfe71b4f06b89e
  MarkdownView: 5bbee438c823db1cd189002d44c84fa909b3a896
  "NSObject+Rx": 9884a92f19b610795c431e10b4e601913b59c9e9
  PasswordExtension: cd45d17fc92e0defc5ee630795d916f453c6ba12
  PKHUD: 98f3e4bc904b9c916f1c5bb6d765365b5357291b
  PullToRefreshKit: 7cc53e720e69f135cffa1a57784dfb534f0222ab
  Reveal-SDK: 43206a57f575632fd304e85385cc259b5d359e32
  RxCocoa: cbf70265dc65a981d4ac982e513c10cf23df24a0
  RxOptional: 80426a0ddbd092573e4c482d8cc13302078c4d5e
  RxSwift: f172070dfd1a93d70a9ab97a5a01166206e1c575
  SegementSlide: ef8ab4951d14197c95d4413d718c6eca0702762e
  SKPhotoBrowser: 343de95d89dc7913763c5dda243cc6e606e4a168
  SnapKit: fe8a619752f3f27075cc9a90244d75c6c3f27e2a
  StatefulViewController: 4803bf900d44de26074344998e10e041113b5931
  SwiftMessages: b577dc7043be8b299857ab35bb663dbff6483bd0
  "UIView+Positioning": 6e7236a429053ade11051fab7ff9053af36c77a8
  YYText: 5c461d709e24d55a182d1441c41dc639a18a4849

PODFILE CHECKSUM: f447ec194f73ede0db3a17aba1ff3a8ad3e50606

COCOAPODS: 1.8.3
